
Microsoft Visual Studio Solution File, Format Version 12.00
# Visual Studio Version 16
VisualStudioVersion = 16.0.30907.101
MinimumVisualStudioVersion = 10.0.40219.1
Project("{FAE04EC0-301F-11D3-BF4B-00C04F79EFBC}") = "DirectoriesDemo", "DirectoriesDemo\DirectoriesDemo.csproj", "{2455720A-74D1-4204-94BC-2DF0E6017A9E}"
EndProject
Project("{FAE04EC0-301F-11D3-BF4B-00C04F79EFBC}") = "DrivesDemo", "DrivesDemo\DrivesDemo.csproj", "{8EC63301-E216-45AA-B7F1-1691805021CB}"
EndProject
Project("{FAE04EC0-301F-11D3-BF4B-00C04F79EFBC}") = "FilesDemo", "FilesDemo\FilesDemo.csproj", "{057C978D-9EEC-44E2-94B3-8E4FF27749A2}"
EndProject
Project("{FAE04EC0-301F-11D3-BF4B-00C04F79EFBC}") = "PathDemo", "PathDemo\PathDemo.csproj", "{17CA3AC2-6771-4391-887A-C11013EEF916}"
EndProject
Project("{FAE04EC0-301F-11D3-BF4B-00C04F79EFBC}") = "SimpleReadWrite", "SimpleReadWrite\SimpleReadWrite.csproj", "{40C22A4E-57EC-4EB7-8C7D-AFE08A52DAF5}"
EndProject
Project("{FAE04EC0-301F-11D3-BF4B-00C04F79EFBC}") = "1_ProgramToReadFromFileInASCIIFormat", "1_ProgramToReadFromFileInASCIIFormat\1_ProgramToReadFromFileInASCIIFormat.csproj", "{6901A102-BEB8-470F-85BE-7AD7572F5F71}"
EndProject
Project("{FAE04EC0-301F-11D3-BF4B-00C04F79EFBC}") = "2_ProgramToReadFromFileAnyEncoding", "2_ProgramToReadFromFileAnyEncoding\2_ProgramToReadFromFileAnyEncoding.csproj", "{D285DF84-EF79-4F0A-8FAF-797DF1D9A78A}"
EndProject
Project("{FAE04EC0-301F-11D3-BF4B-00C04F79EFBC}") = "3_ProgramToWriteToFileInASCIIFormat", "3_ProgramToWriteToFileInASCIIFormat\3_ProgramToWriteToFileInASCIIFormat.csproj", "{37292606-C955-416A-97D4-C5070F03F516}"
EndProject
Project("{FAE04EC0-301F-11D3-BF4B-00C04F79EFBC}") = "4_ProgramToWriteToFileInUnicode", "4_ProgramToWriteToFileInUnicode\4_ProgramToWriteToFileInUnicode.csproj", "{1CE1CD3D-157D-406F-A8CB-148962CAAD65}"
EndProject
Project("{FAE04EC0-301F-11D3-BF4B-00C04F79EFBC}") = "BinaryWriterReader", "BinaryWriterReader\BinaryWriterReader.csproj", "{4F04D917-A8B3-45CD-8894-E11F677113A2}"
EndProject
Project("{FAE04EC0-301F-11D3-BF4B-00C04F79EFBC}") = "UsingDemo", "UsingDemo\UsingDemo.csproj", "{019FF2C5-3C94-4883-AAB4-42E53031815D}"
EndProject
Project("{FAE04EC0-301F-11D3-BF4B-00C04F79EFBC}") = "SerialisationDemo", "SerialisationDemo\SerialisationDemo.csproj", "{A6DE175E-0C92-408B-BBE8-496195B30E53}"
EndProject
Global
	GlobalSection(SolutionConfigurationPlatforms) = preSolution
		Debug|Any CPU = Debug|Any CPU
		Release|Any CPU = Release|Any CPU
	EndGlobalSection
	GlobalSection(ProjectConfigurationPlatforms) = postSolution
		{2455720A-74D1-4204-94BC-2DF0E6017A9E}.Debug|Any CPU.ActiveCfg = Debug|Any CPU
		{2455720A-74D1-4204-94BC-2DF0E6017A9E}.Debug|Any CPU.Build.0 = Debug|Any CPU
		{2455720A-74D1-4204-94BC-2DF0E6017A9E}.Release|Any CPU.ActiveCfg = Release|Any CPU
		{2455720A-74D1-4204-94BC-2DF0E6017A9E}.Release|Any CPU.Build.0 = Release|Any CPU
		{8EC63301-E216-45AA-B7F1-1691805021CB}.Debug|Any CPU.ActiveCfg = Debug|Any CPU
		{8EC63301-E216-45AA-B7F1-1691805021CB}.Debug|Any CPU.Build.0 = Debug|Any CPU
		{8EC63301-E216-45AA-B7F1-1691805021CB}.Release|Any CPU.ActiveCfg = Release|Any CPU
		{8EC63301-E216-45AA-B7F1-1691805021CB}.Release|Any CPU.Build.0 = Release|Any CPU
		{057C978D-9EEC-44E2-94B3-8E4FF27749A2}.Debug|Any CPU.ActiveCfg = Debug|Any CPU
		{057C978D-9EEC-44E2-94B3-8E4FF27749A2}.Debug|Any CPU.Build.0 = Debug|Any CPU
		{057C978D-9EEC-44E2-94B3-8E4FF27749A2}.Release|Any CPU.ActiveCfg = Release|Any CPU
		{057C978D-9EEC-44E2-94B3-8E4FF27749A2}.Release|Any CPU.Build.0 = Release|Any CPU
		{17CA3AC2-6771-4391-887A-C11013EEF916}.Debug|Any CPU.ActiveCfg = Debug|Any CPU
		{17CA3AC2-6771-4391-887A-C11013EEF916}.Debug|Any CPU.Build.0 = Debug|Any CPU
		{17CA3AC2-6771-4391-887A-C11013EEF916}.Release|Any CPU.ActiveCfg = Release|Any CPU
		{17CA3AC2-6771-4391-887A-C11013EEF916}.Release|Any CPU.Build.0 = Release|Any CPU
		{40C22A4E-57EC-4EB7-8C7D-AFE08A52DAF5}.Debug|Any CPU.ActiveCfg = Debug|Any CPU
		{40C22A4E-57EC-4EB7-8C7D-AFE08A52DAF5}.Debug|Any CPU.Build.0 = Debug|Any CPU
		{40C22A4E-57EC-4EB7-8C7D-AFE08A52DAF5}.Release|Any CPU.ActiveCfg = Release|Any CPU
		{40C22A4E-57EC-4EB7-8C7D-AFE08A52DAF5}.Release|Any CPU.Build.0 = Release|Any CPU
		{6901A102-BEB8-470F-85BE-7AD7572F5F71}.Debug|Any CPU.ActiveCfg = Debug|Any CPU
		{6901A102-BEB8-470F-85BE-7AD7572F5F71}.Debug|Any CPU.Build.0 = Debug|Any CPU
		{6901A102-BEB8-470F-85BE-7AD7572F5F71}.Release|Any CPU.ActiveCfg = Release|Any CPU
		{6901A102-BEB8-470F-85BE-7AD7572F5F71}.Release|Any CPU.Build.0 = Release|Any CPU
		{D285DF84-EF79-4F0A-8FAF-797DF1D9A78A}.Debug|Any CPU.ActiveCfg = Debug|Any CPU
		{D285DF84-EF79-4F0A-8FAF-797DF1D9A78A}.Debug|Any CPU.Build.0 = Debug|Any CPU
		{D285DF84-EF79-4F0A-8FAF-797DF1D9A78A}.Release|Any CPU.ActiveCfg = Release|Any CPU
		{D285DF84-EF79-4F0A-8FAF-797DF1D9A78A}.Release|Any CPU.Build.0 = Release|Any CPU
		{37292606-C955-416A-97D4-C5070F03F516}.Debug|Any CPU.ActiveCfg = Debug|Any CPU
		{37292606-C955-416A-97D4-C5070F03F516}.Debug|Any CPU.Build.0 = Debug|Any CPU
		{37292606-C955-416A-97D4-C5070F03F516}.Release|Any CPU.ActiveCfg = Release|Any CPU
		{37292606-C955-416A-97D4-C5070F03F516}.Release|Any CPU.Build.0 = Release|Any CPU
		{1CE1CD3D-157D-406F-A8CB-148962CAAD65}.Debug|Any CPU.ActiveCfg = Debug|Any CPU
		{1CE1CD3D-157D-406F-A8CB-148962CAAD65}.Debug|Any CPU.Build.0 = Debug|Any CPU
		{1CE1CD3D-157D-406F-A8CB-148962CAAD65}.Release|Any CPU.ActiveCfg = Release|Any CPU
		{1CE1CD3D-157D-406F-A8CB-148962CAAD65}.Release|Any CPU.Build.0 = Release|Any CPU
		{4F04D917-A8B3-45CD-8894-E11F677113A2}.Debug|Any CPU.ActiveCfg = Debug|Any CPU
		{4F04D917-A8B3-45CD-8894-E11F677113A2}.Debug|Any CPU.Build.0 = Debug|Any CPU
		{4F04D917-A8B3-45CD-8894-E11F677113A2}.Release|Any CPU.ActiveCfg = Release|Any CPU
		{4F04D917-A8B3-45CD-8894-E11F677113A2}.Release|Any CPU.Build.0 = Release|Any CPU
		{019FF2C5-3C94-4883-AAB4-42E53031815D}.Debug|Any CPU.ActiveCfg = Debug|Any CPU
		{019FF2C5-3C94-4883-AAB4-42E53031815D}.Debug|Any CPU.Build.0 = Debug|Any CPU
		{019FF2C5-3C94-4883-AAB4-42E53031815D}.Release|Any CPU.ActiveCfg = Release|Any CPU
		{019FF2C5-3C94-4883-AAB4-42E53031815D}.Release|Any CPU.Build.0 = Release|Any CPU
		{A6DE175E-0C92-408B-BBE8-496195B30E53}.Debug|Any CPU.ActiveCfg = Debug|Any CPU
		{A6DE175E-0C92-408B-BBE8-496195B30E53}.Debug|Any CPU.Build.0 = Debug|Any CPU
		{A6DE175E-0C92-408B-BBE8-496195B30E53}.Release|Any CPU.ActiveCfg = Release|Any CPU
		{A6DE175E-0C92-408B-BBE8-496195B30E53}.Release|Any CPU.Build.0 = Release|Any CPU
	EndGlobalSection
	GlobalSection(SolutionProperties) = preSolution
		HideSolutionNode = FALSE
	EndGlobalSection
	GlobalSection(ExtensibilityGlobals) = postSolution
		SolutionGuid = {42827CEC-5E0B-47C9-B6FA-C0C2462886FE}
	EndGlobalSection
EndGlobal
